
Microsoft Visual Studio Solution File, Format Version 12.00
# Visual Studio Version 16
VisualStudioVersion = 16.0.33027.164
MinimumVisualStudioVersion = 10.0.40219.1
Project("{FAE04EC0-301F-11D3-BF4B-00C04F79EFBC}") = "AgroEcommerce", "AgroEcommerce.csproj", "{1E9B4CEF-EA80-410D-85A2-BE864763E91E}"
EndProject
Project("{FAE04EC0-301F-11D3-BF4B-00C04F79EFBC}") = "AgroEcommerceLibrary", "..\AgroEcommerceLibrary\AgroEcommerceLibrary.csproj", "{3A1D1BC8-C7A8-4A11-BA71-482939B20F4A}"
EndProject
Global
	GlobalSection(SolutionConfigurationPlatforms) = preSolution
		Debug|Any CPU = Debug|Any CPU
		Release|Any CPU = Release|Any CPU
	EndGlobalSection
	GlobalSection(ProjectConfigurationPlatforms) = postSolution
		{1E9B4CEF-EA80-410D-85A2-BE864763E91E}.Debug|Any CPU.ActiveCfg = Debug|Any CPU
		{1E9B4CEF-EA80-410D-85A2-BE864763E91E}.Debug|Any CPU.Build.0 = Debug|Any CPU
		{1E9B4CEF-EA80-410D-85A2-BE864763E91E}.Release|Any CPU.ActiveCfg = Release|Any CPU
		{1E9B4CEF-EA80-410D-85A2-BE864763E91E}.Release|Any CPU.Build.0 = Release|Any CPU
		{3A1D1BC8-C7A8-4A11-BA71-482939B20F4A}.Debug|Any CPU.ActiveCfg = Debug|Any CPU
		{3A1D1BC8-C7A8-4A11-BA71-482939B20F4A}.Debug|Any CPU.Build.0 = Debug|Any CPU
		{3A1D1BC8-C7A8-4A11-BA71-482939B20F4A}.Release|Any CPU.ActiveCfg = Release|Any CPU
		{3A1D1BC8-C7A8-4A11-BA71-482939B20F4A}.Release|Any CPU.Build.0 = Release|Any CPU
	EndGlobalSection
	GlobalSection(SolutionProperties) = preSolution
		HideSolutionNode = FALSE
	EndGlobalSection
	GlobalSection(ExtensibilityGlobals) = postSolution
		SolutionGuid = {A054E736-307E-4347-885E-B200203988DB}
	EndGlobalSection
EndGlobal
